%{"amnesia": {:git, "https://github.com/meh/amnesia.git", "63f6aef1888b15669f80b5e06af32d151f23e4ff", [tag: :master]},
  "certifi": {:hex, :certifi, "0.3.0"},
  "combine": {:hex, :combine, "0.7.0"},
  "exquisite": {:hex, :exquisite, "0.1.6"},
  "feeder": {:hex, :feeder, "1.4.7"},
  "feeder_ex": {:git, "https://github.com/manukall/feeder_ex.git", "d9c7fed96c27c6ce33dfdeacd1e9081381ff0645", [tag: :master]},
  "hackney": {:hex, :hackney, "1.4.8"},
  "httpoison": {:hex, :httpoison, "0.8.1"},
  "idna": {:hex, :idna, "1.0.3"},
  "mimerl": {:hex, :mimerl, "1.0.2"},
  "poison": {:hex, :poison, "2.0.1"},
  "remix": {:hex, :remix, "0.0.2"},
  "ssl_verify_hostname": {:hex, :ssl_verify_hostname, "1.0.5"},
  "timex": {:hex, :timex, "1.0.1"},
  "tzdata": {:hex, :tzdata, "0.5.6"}}
